
Microsoft Visual Studio Solution File, Format Version 12.00
# Visual Studio Version 17
VisualStudioVersion = 17.12.35707.178 d17.12
MinimumVisualStudioVersion = 10.0.40219.1
Project("{FAE04EC0-301F-11D3-BF4B-00C04F79EFBC}") = "Q1_FileHandling", "Q1_FileHandling.csproj", "{BAC64712-6E4E-4EC1-9AC5-8A2C26C80539}"
EndProject
Global
	GlobalSection(SolutionConfigurationPlatforms) = preSolution
		Debug|Any CPU = Debug|Any CPU
		Release|Any CPU = Release|Any CPU
	EndGlobalSection
	GlobalSection(ProjectConfigurationPlatforms) = postSolution
		{BAC64712-6E4E-4EC1-9AC5-8A2C26C80539}.Debug|Any CPU.ActiveCfg = Debug|Any CPU
		{BAC64712-6E4E-4EC1-9AC5-8A2C26C80539}.Debug|Any CPU.Build.0 = Debug|Any CPU
		{BAC64712-6E4E-4EC1-9AC5-8A2C26C80539}.Release|Any CPU.ActiveCfg = Release|Any CPU
		{BAC64712-6E4E-4EC1-9AC5-8A2C26C80539}.Release|Any CPU.Build.0 = Release|Any CPU
	EndGlobalSection
	GlobalSection(SolutionProperties) = preSolution
		HideSolutionNode = FALSE
	EndGlobalSection
EndGlobal
