
Microsoft Visual Studio Solution File, Format Version 12.00
# Visual Studio Version 17
VisualStudioVersion = 17.12.35707.178 d17.12
MinimumVisualStudioVersion = 10.0.40219.1
Project("{FAE04EC0-301F-11D3-BF4B-00C04F79EFBC}") = "MyOperations", "MyOperations.csproj", "{8E96F1BB-88C8-4278-8CA9-5A16C2BEFB23}"
EndProject
Project("{FAE04EC0-301F-11D3-BF4B-00C04F79EFBC}") = "ExceptionHandlingApp", "..\ExceptionHandlingApp\ExceptionHandlingApp.csproj", "{A704200A-863F-4A45-8959-A1C222BDA41B}"
EndProject
Global
	GlobalSection(SolutionConfigurationPlatforms) = preSolution
		Debug|Any CPU = Debug|Any CPU
		Release|Any CPU = Release|Any CPU
	EndGlobalSection
	GlobalSection(ProjectConfigurationPlatforms) = postSolution
		{8E96F1BB-88C8-4278-8CA9-5A16C2BEFB23}.Debug|Any CPU.ActiveCfg = Debug|Any CPU
		{8E96F1BB-88C8-4278-8CA9-5A16C2BEFB23}.Debug|Any CPU.Build.0 = Debug|Any CPU
		{8E96F1BB-88C8-4278-8CA9-5A16C2BEFB23}.Release|Any CPU.ActiveCfg = Release|Any CPU
		{8E96F1BB-88C8-4278-8CA9-5A16C2BEFB23}.Release|Any CPU.Build.0 = Release|Any CPU
		{A704200A-863F-4A45-8959-A1C222BDA41B}.Debug|Any CPU.ActiveCfg = Debug|Any CPU
		{A704200A-863F-4A45-8959-A1C222BDA41B}.Debug|Any CPU.Build.0 = Debug|Any CPU
		{A704200A-863F-4A45-8959-A1C222BDA41B}.Release|Any CPU.ActiveCfg = Release|Any CPU
		{A704200A-863F-4A45-8959-A1C222BDA41B}.Release|Any CPU.Build.0 = Release|Any CPU
	EndGlobalSection
	GlobalSection(SolutionProperties) = preSolution
		HideSolutionNode = FALSE
	EndGlobalSection
EndGlobal
