
Microsoft Visual Studio Solution File, Format Version 12.00
# Visual Studio Version 17
VisualStudioVersion = 17.12.35707.178 d17.12
MinimumVisualStudioVersion = 10.0.40219.1
Project("{FAE04EC0-301F-11D3-BF4B-00C04F79EFBC}") = "15_Personal_Fianance_Application", "15_Personal_Fianance_Application.csproj", "{7F374E59-3E60-47FD-85D8-C798BA9BF5FF}"
EndProject
Global
	GlobalSection(SolutionConfigurationPlatforms) = preSolution
		Debug|Any CPU = Debug|Any CPU
		Release|Any CPU = Release|Any CPU
	EndGlobalSection
	GlobalSection(ProjectConfigurationPlatforms) = postSolution
		{7F374E59-3E60-47FD-85D8-C798BA9BF5FF}.Debug|Any CPU.ActiveCfg = Debug|Any CPU
		{7F374E59-3E60-47FD-85D8-C798BA9BF5FF}.Debug|Any CPU.Build.0 = Debug|Any CPU
		{7F374E59-3E60-47FD-85D8-C798BA9BF5FF}.Release|Any CPU.ActiveCfg = Release|Any CPU
		{7F374E59-3E60-47FD-85D8-C798BA9BF5FF}.Release|Any CPU.Build.0 = Release|Any CPU
	EndGlobalSection
	GlobalSection(SolutionProperties) = preSolution
		HideSolutionNode = FALSE
	EndGlobalSection
EndGlobal
